
Microsoft Visual Studio Solution File, Format Version 12.00
# Visual Studio Version 16
VisualStudioVersion = 16.0.30611.23
MinimumVisualStudioVersion = 10.0.40219.1
Project("{9A19103F-16F7-4668-BE54-9A1E7A4F7556}") = "BusinessNews", "BusinessNews.csproj", "{0E7EF691-9494-4A43-98EA-634A075FB52B}"
EndProject
Global
	GlobalSection(SolutionConfigurationPlatforms) = preSolution
		Debug|Any CPU = Debug|Any CPU
		Release|Any CPU = Release|Any CPU
	EndGlobalSection
	GlobalSection(ProjectConfigurationPlatforms) = postSolution
		{0E7EF691-9494-4A43-98EA-634A075FB52B}.Debug|Any CPU.ActiveCfg = Debug|Any CPU
		{0E7EF691-9494-4A43-98EA-634A075FB52B}.Debug|Any CPU.Build.0 = Debug|Any CPU
		{0E7EF691-9494-4A43-98EA-634A075FB52B}.Release|Any CPU.ActiveCfg = Release|Any CPU
		{0E7EF691-9494-4A43-98EA-634A075FB52B}.Release|Any CPU.Build.0 = Release|Any CPU
	EndGlobalSection
	GlobalSection(SolutionProperties) = preSolution
		HideSolutionNode = FALSE
	EndGlobalSection
	GlobalSection(ExtensibilityGlobals) = postSolution
		SolutionGuid = {05234594-5DC6-4964-B7C3-B78F737A2CE0}
	EndGlobalSection
EndGlobal
